
Microsoft Visual Studio Solution File, Format Version 12.00
# Visual Studio Version 16
VisualStudioVersion = 16.0.31911.196
MinimumVisualStudioVersion = 10.0.40219.1
Project("{8BC9CEB8-8B4A-11D0-8D11-00A0C91BC942}") = "dx12", "dx12\dx12.vcxproj", "{4048E354-0F27-4B5D-87E5-74B8996750F1}"
EndProject
Global
	GlobalSection(SolutionConfigurationPlatforms) = preSolution
		Debug|x64 = Debug|x64
		Debug|x86 = Debug|x86
		Release|x64 = Release|x64
		Release|x86 = Release|x86
	EndGlobalSection
	GlobalSection(ProjectConfigurationPlatforms) = postSolution
		{4048E354-0F27-4B5D-87E5-74B8996750F1}.Debug|x64.ActiveCfg = Debug|x64
		{4048E354-0F27-4B5D-87E5-74B8996750F1}.Debug|x64.Build.0 = Debug|x64
		{4048E354-0F27-4B5D-87E5-74B8996750F1}.Debug|x86.ActiveCfg = Debug|Win32
		{4048E354-0F27-4B5D-87E5-74B8996750F1}.Debug|x86.Build.0 = Debug|Win32
		{4048E354-0F27-4B5D-87E5-74B8996750F1}.Release|x64.ActiveCfg = Release|x64
		{4048E354-0F27-4B5D-87E5-74B8996750F1}.Release|x64.Build.0 = Release|x64
		{4048E354-0F27-4B5D-87E5-74B8996750F1}.Release|x86.ActiveCfg = Release|Win32
		{4048E354-0F27-4B5D-87E5-74B8996750F1}.Release|x86.Build.0 = Release|Win32
	EndGlobalSection
	GlobalSection(SolutionProperties) = preSolution
		HideSolutionNode = FALSE
	EndGlobalSection
	GlobalSection(ExtensibilityGlobals) = postSolution
		SolutionGuid = {D2EF016C-60CB-4AD1-AB45-AD9BDCDC0371}
	EndGlobalSection
EndGlobal
